Microsoft Visual Studio Solution File, Format Version 12.00
# Visual Studio Version 17
VisualStudioVersion = 17.5.2.0
MinimumVisualStudioVersion = 10.0.40219.1
Project("{2150E333-8FDC-42A3-9474-1A3956D46DE8}") = "helper", "helper", "{6E3B80E4-E889-6BA4-2A7C-AE44FC211B39}"
EndProject
Project("{FAE04EC0-301F-11D3-BF4B-00C04F79EFBC}") = "AccessToPower.Helper", "helper\AccessToPower.Helper.csproj", "{E9DB8B83-A6EE-F163-117D-51199B8BD148}"
EndProject
Global
	GlobalSection(SolutionConfigurationPlatforms) = preSolution
		Debug|Any CPU = Debug|Any CPU
		Release|Any CPU = Release|Any CPU
	EndGlobalSection
	GlobalSection(ProjectConfigurationPlatforms) = postSolution
		{E9DB8B83-A6EE-F163-117D-51199B8BD148}.Debug|Any CPU.ActiveCfg = Debug|Any CPU
		{E9DB8B83-A6EE-F163-117D-51199B8BD148}.Debug|Any CPU.Build.0 = Debug|Any CPU
		{E9DB8B83-A6EE-F163-117D-51199B8BD148}.Release|Any CPU.ActiveCfg = Release|Any CPU
		{E9DB8B83-A6EE-F163-117D-51199B8BD148}.Release|Any CPU.Build.0 = Release|Any CPU
	EndGlobalSection
	GlobalSection(SolutionProperties) = preSolution
		HideSolutionNode = FALSE
	EndGlobalSection
	GlobalSection(NestedProjects) = preSolution
		{E9DB8B83-A6EE-F163-117D-51199B8BD148} = {6E3B80E4-E889-6BA4-2A7C-AE44FC211B39}
	EndGlobalSection
	GlobalSection(ExtensibilityGlobals) = postSolution
		SolutionGuid = {3B3D6EF2-06E5-4489-901B-DE61EB8798FA}
	EndGlobalSection
EndGlobal
